
Microsoft Visual Studio Solution File, Format Version 12.00
# Visual Studio Version 17
VisualStudioVersion = 17.14.36623.8
MinimumVisualStudioVersion = 10.0.40219.1
Project("{FAE04EC0-301F-11D3-BF4B-00C04F79EFBC}") = "SOA", "SOA.csproj", "{4E18CCD9-A0F0-4836-BD2F-F3DCCC99C014}"
EndProject
Project("{FAE04EC0-301F-11D3-BF4B-00C04F79EFBC}") = "WebApi", "..\WebApi\WebApi.csproj", "{6748829F-2A7C-4E25-B960-6B0985C98FF8}"
EndProject
Global
	GlobalSection(SolutionConfigurationPlatforms) = preSolution
		Debug|Any CPU = Debug|Any CPU
		Release|Any CPU = Release|Any CPU
	EndGlobalSection
	GlobalSection(ProjectConfigurationPlatforms) = postSolution
		{4E18CCD9-A0F0-4836-BD2F-F3DCCC99C014}.Debug|Any CPU.ActiveCfg = Debug|Any CPU
		{4E18CCD9-A0F0-4836-BD2F-F3DCCC99C014}.Debug|Any CPU.Build.0 = Debug|Any CPU
		{4E18CCD9-A0F0-4836-BD2F-F3DCCC99C014}.Release|Any CPU.ActiveCfg = Release|Any CPU
		{4E18CCD9-A0F0-4836-BD2F-F3DCCC99C014}.Release|Any CPU.Build.0 = Release|Any CPU
		{6748829F-2A7C-4E25-B960-6B0985C98FF8}.Debug|Any CPU.ActiveCfg = Debug|Any CPU
		{6748829F-2A7C-4E25-B960-6B0985C98FF8}.Debug|Any CPU.Build.0 = Debug|Any CPU
		{6748829F-2A7C-4E25-B960-6B0985C98FF8}.Release|Any CPU.ActiveCfg = Release|Any CPU
		{6748829F-2A7C-4E25-B960-6B0985C98FF8}.Release|Any CPU.Build.0 = Release|Any CPU
	EndGlobalSection
	GlobalSection(SolutionProperties) = preSolution
		HideSolutionNode = FALSE
	EndGlobalSection
	GlobalSection(ExtensibilityGlobals) = postSolution
		SolutionGuid = {E78F396B-6480-40B4-9879-C38D0D1907C1}
	EndGlobalSection
EndGlobal
